
Microsoft Visual Studio Solution File, Format Version 12.00
# Visual Studio Version 17
VisualStudioVersion = 17.9.34714.143
MinimumVisualStudioVersion = 10.0.40219.1
Project("{8BC9CEB8-8B4A-11D0-8D11-00A0C91BC942}") = "Lecture04_HW", "Lecture04_HW\Lecture04_HW.vcxproj", "{44326424-8152-4561-B205-C622A70D286F}"
EndProject
Global
	GlobalSection(SolutionConfigurationPlatforms) = preSolution
		Debug|x64 = Debug|x64
		Debug|x86 = Debug|x86
		Release|x64 = Release|x64
		Release|x86 = Release|x86
	EndGlobalSection
	GlobalSection(ProjectConfigurationPlatforms) = postSolution
		{44326424-8152-4561-B205-C622A70D286F}.Debug|x64.ActiveCfg = Debug|x64
		{44326424-8152-4561-B205-C622A70D286F}.Debug|x64.Build.0 = Debug|x64
		{44326424-8152-4561-B205-C622A70D286F}.Debug|x86.ActiveCfg = Debug|Win32
		{44326424-8152-4561-B205-C622A70D286F}.Debug|x86.Build.0 = Debug|Win32
		{44326424-8152-4561-B205-C622A70D286F}.Release|x64.ActiveCfg = Release|x64
		{44326424-8152-4561-B205-C622A70D286F}.Release|x64.Build.0 = Release|x64
		{44326424-8152-4561-B205-C622A70D286F}.Release|x86.ActiveCfg = Release|Win32
		{44326424-8152-4561-B205-C622A70D286F}.Release|x86.Build.0 = Release|Win32
	EndGlobalSection
	GlobalSection(SolutionProperties) = preSolution
		HideSolutionNode = FALSE
	EndGlobalSection
	GlobalSection(ExtensibilityGlobals) = postSolution
		SolutionGuid = {F421C40E-B81D-4694-82FC-BA34A564D2E9}
	EndGlobalSection
EndGlobal
